// !$*UTF8*$!
{
	archiveVersion = 1;
	classes = {
	};
	objectVersion = 55;
	objects = {

/* Begin PBXBuildFile section */
		011D2517287C4F07001141CD /* Car+CoreDataClass.swift in Sources */ = {isa = PBXBuildFile; fileRef = 011D2513287C4F07001141CD /* Car+CoreDataClass.swift */; };
		011D2518287C4F07001141CD /* Car+CoreDataProperties.swift in Sources */ = {isa = PBXBuildFile; fileRef = 011D2514287C4F07001141CD /* Car+CoreDataProperties.swift */; };
		011D2519287C4F07001141CD /* Sale+CoreDataClass.swift in Sources */ = {isa = PBXBuildFile; fileRef = 011D2515287C4F07001141CD /* Sale+CoreDataClass.swift */; };
		011D251A287C4F07001141CD /* Sale+CoreDataProperties.swift in Sources */ = {isa = PBXBuildFile; fileRef = 011D2516287C4F07001141CD /* Sale+CoreDataProperties.swift */; };
		011D25522881CA4C001141CD /* CarDetailsView.swift in Sources */ = {isa = PBXBuildFile; fileRef = 011D25512881CA4C001141CD /* CarDetailsView.swift */; };
		011D25542881CA60001141CD /* CarDetailsViewController.swift in Sources */ = {isa = PBXBuildFile; fileRef = 011D25532881CA60001141CD /* CarDetailsViewController.swift */; };
		0197B7D92874428D004F767C /* AppDelegate.swift in Sources */ = {isa = PBXBuildFile; fileRef = 0197B7D82874428D004F767C /* AppDelegate.swift */; };
		0197B7DD2874428D004F767C /* CarsListViewController.swift in Sources */ = {isa = PBXBuildFile; fileRef = 0197B7DC2874428D004F767C /* CarsListViewController.swift */; };
		0197B7E02874428D004F767C /* Main.storyboard in Resources */ = {isa = PBXBuildFile; fileRef = 0197B7DE2874428D004F767C /* Main.storyboard */; };
		0197B7E22874428F004F767C /* Assets.xcassets in Resources */ = {isa = PBXBuildFile; fileRef = 0197B7E12874428F004F767C /* Assets.xcassets */; };
		0197B7E52874428F004F767C /* LaunchScreen.storyboard in Resources */ = {isa = PBXBuildFile; fileRef = 0197B7E32874428F004F767C /* LaunchScreen.storyboard */; };
		0197B7EE28744E03004F767C /* UITabBarController.swift in Sources */ = {isa = PBXBuildFile; fileRef = 0197B7ED28744E03004F767C /* UITabBarController.swift */; };
		0197B7F02874582A004F767C /* Coordinator.swift in Sources */ = {isa = PBXBuildFile; fileRef = 0197B7EF2874582A004F767C /* Coordinator.swift */; };
		0197B7F628745A38004F767C /* CarsListView.swift in Sources */ = {isa = PBXBuildFile; fileRef = 0197B7F528745A38004F767C /* CarsListView.swift */; };
		0197B7F828745A6C004F767C /* UINavigationController.swift in Sources */ = {isa = PBXBuildFile; fileRef = 0197B7F728745A6C004F767C /* UINavigationController.swift */; };
		0197B7FB2874603E004F767C /* MainFlow.swift in Sources */ = {isa = PBXBuildFile; fileRef = 0197B7FA2874603E004F767C /* MainFlow.swift */; };
		0197B801287466F3004F767C /* CarsListViewModel.swift in Sources */ = {isa = PBXBuildFile; fileRef = 0197B800287466F3004F767C /* CarsListViewModel.swift */; };
		0197B803287468A7004F767C /* CarsListFlow.swift in Sources */ = {isa = PBXBuildFile; fileRef = 0197B802287468A7004F767C /* CarsListFlow.swift */; };
		0197B805287477CE004F767C /* UIView.swift in Sources */ = {isa = PBXBuildFile; fileRef = 0197B804287477CE004F767C /* UIView.swift */; };
		0197B80828755BE5004F767C /* .swiftlint.yml in Resources */ = {isa = PBXBuildFile; fileRef = 0197B80728755BE5004F767C /* .swiftlint.yml */; };
		01E3A519287B002F00B15201 /* UITextField.swift in Sources */ = {isa = PBXBuildFile; fileRef = 01E3A518287B002F00B15201 /* UITextField.swift */; };
		01E3A51C287B03E700B15201 /* Model.xcdatamodeld in Sources */ = {isa = PBXBuildFile; fileRef = 01E3A51A287B03E700B15201 /* Model.xcdatamodeld */; };
		01E3A51E287B10B200B15201 /* NewCarPageViewModel.swift in Sources */ = {isa = PBXBuildFile; fileRef = 01E3A51D287B10B200B15201 /* NewCarPageViewModel.swift */; };
		01E3A520287B22B400B15201 /* CoreDataManager.swift in Sources */ = {isa = PBXBuildFile; fileRef = 01E3A51F287B22B400B15201 /* CoreDataManager.swift */; };
		01FD40C828774A6B002F7F97 /* NewCarPageViewController.swift in Sources */ = {isa = PBXBuildFile; fileRef = 01FD40C728774A6B002F7F97 /* NewCarPageViewController.swift */; };
		01FD40CA28774A81002F7F97 /* NewCarPageView.swift in Sources */ = {isa = PBXBuildFile; fileRef = 01FD40C928774A81002F7F97 /* NewCarPageView.swift */; };
		01FD40CD28775D68002F7F97 /* Colors.swift in Sources */ = {isa = PBXBuildFile; fileRef = 01FD40CC28775D68002F7F97 /* Colors.swift */; };
		01FD40CF28782587002F7F97 /* UIStackVIew.swift in Sources */ = {isa = PBXBuildFile; fileRef = 01FD40CE28782587002F7F97 /* UIStackVIew.swift */; };
/* End PBXBuildFile section */

/* Begin PBXFileReference section */
		011D2513287C4F07001141CD /* Car+CoreDataClass.swift */ = {isa = PBXFileReference; lastKnownFileType = sourcecode.swift; path = "Car+CoreDataClass.swift"; sourceTree = SOURCE_ROOT; };
		011D2514287C4F07001141CD /* Car+CoreDataProperties.swift */ = {isa = PBXFileReference; lastKnownFileType = sourcecode.swift; path = "Car+CoreDataProperties.swift"; sourceTree = SOURCE_ROOT; };
		011D2515287C4F07001141CD /* Sale+CoreDataClass.swift */ = {isa = PBXFileReference; lastKnownFileType = sourcecode.swift; path = "Sale+CoreDataClass.swift"; sourceTree = SOURCE_ROOT; };
		011D2516287C4F07001141CD /* Sale+CoreDataProperties.swift */ = {isa = PBXFileReference; lastKnownFileType = sourcecode.swift; path = "Sale+CoreDataProperties.swift"; sourceTree = SOURCE_ROOT; };
		011D25512881CA4C001141CD /* CarDetailsView.swift */ = {isa = PBXFileReference; lastKnownFileType = sourcecode.swift; path = CarDetailsView.swift; sourceTree = "<group>"; };
		011D25532881CA60001141CD /* CarDetailsViewController.swift */ = {isa = PBXFileReference; lastKnownFileType = sourcecode.swift; path = CarDetailsViewController.swift; sourceTree = "<group>"; };
		0197B7D52874428D004F767C /* Мистер Мерседес.app */ = {isa = PBXFileReference; explicitFileType = wrapper.application; includeInIndex = 0; path = "Мистер Мерседес.app"; sourceTree = BUILT_PRODUCTS_DIR; };
		0197B7D82874428D004F767C /* AppDelegate.swift */ = {isa = PBXFileReference; lastKnownFileType = sourcecode.swift; path = AppDelegate.swift; sourceTree = "<group>"; };
		0197B7DC2874428D004F767C /* CarsListViewController.swift */ = {isa = PBXFileReference; lastKnownFileType = sourcecode.swift; path = CarsListViewController.swift; sourceTree = "<group>"; };
		0197B7DF2874428D004F767C /* Base */ = {isa = PBXFileReference; lastKnownFileType = file.storyboard; name = Base; path = Base.lproj/Main.storyboard; sourceTree = "<group>"; };
		0197B7E12874428F004F767C /* Assets.xcassets */ = {isa = PBXFileReference; lastKnownFileType = folder.assetcatalog; path = Assets.xcassets; sourceTree = "<group>"; };
		0197B7E42874428F004F767C /* Base */ = {isa = PBXFileReference; lastKnownFileType = file.storyboard; name = Base; path = Base.lproj/LaunchScreen.storyboard; sourceTree = "<group>"; };
		0197B7E62874428F004F767C /* Info.plist */ = {isa = PBXFileReference; lastKnownFileType = text.plist.xml; path = Info.plist; sourceTree = "<group>"; };
		0197B7ED28744E03004F767C /* UITabBarController.swift */ = {isa = PBXFileReference; lastKnownFileType = sourcecode.swift; path = UITabBarController.swift; sourceTree = "<group>"; };
		0197B7EF2874582A004F767C /* Coordinator.swift */ = {isa = PBXFileReference; lastKnownFileType = sourcecode.swift; path = Coordinator.swift; sourceTree = "<group>"; };
		0197B7F528745A38004F767C /* CarsListView.swift */ = {isa = PBXFileReference; lastKnownFileType = sourcecode.swift; path = CarsListView.swift; sourceTree = "<group>"; };
		0197B7F728745A6C004F767C /* UINavigationController.swift */ = {isa = PBXFileReference; lastKnownFileType = sourcecode.swift; path = UINavigationController.swift; sourceTree = "<group>"; };
		0197B7FA2874603E004F767C /* MainFlow.swift */ = {isa = PBXFileReference; lastKnownFileType = sourcecode.swift; path = MainFlow.swift; sourceTree = "<group>"; };
		0197B800287466F3004F767C /* CarsListViewModel.swift */ = {isa = PBXFileReference; lastKnownFileType = sourcecode.swift; path = CarsListViewModel.swift; sourceTree = "<group>"; };
		0197B802287468A7004F767C /* CarsListFlow.swift */ = {isa = PBXFileReference; lastKnownFileType = sourcecode.swift; path = CarsListFlow.swift; sourceTree = "<group>"; };
		0197B804287477CE004F767C /* UIView.swift */ = {isa = PBXFileReference; lastKnownFileType = sourcecode.swift; path = UIView.swift; sourceTree = "<group>"; };
		0197B80728755BE5004F767C /* .swiftlint.yml */ = {isa = PBXFileReference; lastKnownFileType = text.yaml; path = .swiftlint.yml; sourceTree = "<group>"; };
		01E3A518287B002F00B15201 /* UITextField.swift */ = {isa = PBXFileReference; lastKnownFileType = sourcecode.swift; path = UITextField.swift; sourceTree = "<group>"; };
		01E3A51B287B03E700B15201 /* Model.xcdatamodel */ = {isa = PBXFileReference; lastKnownFileType = wrapper.xcdatamodel; path = Model.xcdatamodel; sourceTree = "<group>"; };
		01E3A51D287B10B200B15201 /* NewCarPageViewModel.swift */ = {isa = PBXFileReference; lastKnownFileType = sourcecode.swift; path = NewCarPageViewModel.swift; sourceTree = "<group>"; };
		01E3A51F287B22B400B15201 /* CoreDataManager.swift */ = {isa = PBXFileReference; lastKnownFileType = sourcecode.swift; path = CoreDataManager.swift; sourceTree = "<group>"; };
		01FD40C728774A6B002F7F97 /* NewCarPageViewController.swift */ = {isa = PBXFileReference; lastKnownFileType = sourcecode.swift; path = NewCarPageViewController.swift; sourceTree = "<group>"; };
		01FD40C928774A81002F7F97 /* NewCarPageView.swift */ = {isa = PBXFileReference; lastKnownFileType = sourcecode.swift; path = NewCarPageView.swift; sourceTree = "<group>"; };
		01FD40CC28775D68002F7F97 /* Colors.swift */ = {isa = PBXFileReference; lastKnownFileType = sourcecode.swift; path = Colors.swift; sourceTree = "<group>"; };
		01FD40CE28782587002F7F97 /* UIStackVIew.swift */ = {isa = PBXFileReference; fileEncoding = 4; lastKnownFileType = sourcecode.swift; path = UIStackVIew.swift; sourceTree = "<group>"; };
		C58EF2BE48F6D3E692D140BF /* Pods-Мистер Мерседес.debug.xcconfig */ = {isa = PBXFileReference; includeInIndex = 1; lastKnownFileType = text.xcconfig; name = "Pods-Мистер Мерседес.debug.xcconfig"; path = "Target Support Files/Pods-Мистер Мерседес/Pods-Мистер Мерседес.debug.xcconfig"; sourceTree = "<group>"; };
		E206F52CBD5BD94A2730B432 /* Pods-Мистер Мерседес.release.xcconfig */ = {isa = PBXFileReference; includeInIndex = 1; lastKnownFileType = text.xcconfig; name = "Pods-Мистер Мерседес.release.xcconfig"; path = "Target Support Files/Pods-Мистер Мерседес/Pods-Мистер Мерседес.release.xcconfig"; sourceTree = "<group>"; };
/* End PBXFileReference section */

/* Begin PBXFrameworksBuildPhase section */
		0197B7D22874428D004F767C /* Frameworks */ = {
			isa = PBXFrameworksBuildPhase;
			buildActionMask = 2147483647;
			files = (
			);
			runOnlyForDeploymentPostprocessing = 0;
		};
/* End PBXFrameworksBuildPhase section */

/* Begin PBXGroup section */
		011D2512287B2772001141CD /* Models */ = {
			isa = PBXGroup;
			children = (
				011D2513287C4F07001141CD /* Car+CoreDataClass.swift */,
				011D2514287C4F07001141CD /* Car+CoreDataProperties.swift */,
				011D2515287C4F07001141CD /* Sale+CoreDataClass.swift */,
				011D2516287C4F07001141CD /* Sale+CoreDataProperties.swift */,
			);
			path = Models;
			sourceTree = "<group>";
		};
		011D254E2881C9FF001141CD /* CarDetails */ = {
			isa = PBXGroup;
			children = (
				011D254F2881CA14001141CD /* CarDetailsViewModel */,
				011D25502881CA25001141CD /* CarDetailsView */,
			);
			path = CarDetails;
			sourceTree = "<group>";
		};
		011D254F2881CA14001141CD /* CarDetailsViewModel */ = {
			isa = PBXGroup;
			children = (
			);
			path = CarDetailsViewModel;
			sourceTree = "<group>";
		};
		011D25502881CA25001141CD /* CarDetailsView */ = {
			isa = PBXGroup;
			children = (
				011D25512881CA4C001141CD /* CarDetailsView.swift */,
				011D25532881CA60001141CD /* CarDetailsViewController.swift */,
			);
			path = CarDetailsView;
			sourceTree = "<group>";
		};
		0197B7CC2874428D004F767C = {
			isa = PBXGroup;
			children = (
				0197B7D72874428D004F767C /* Мистер Мерседес */,
				0197B80728755BE5004F767C /* .swiftlint.yml */,
				0197B7D62874428D004F767C /* Products */,
				A481447195BFFEDE83490492 /* Pods */,
				39D5B6F1D852354B6D3C265A /* Frameworks */,
			);
			sourceTree = "<group>";
		};
		0197B7D62874428D004F767C /* Products */ = {
			isa = PBXGroup;
			children = (
				0197B7D52874428D004F767C /* Мистер Мерседес.app */,
			);
			name = Products;
			sourceTree = "<group>";
		};
		0197B7D72874428D004F767C /* Мистер Мерседес */ = {
			isa = PBXGroup;
			children = (
				01E3A51F287B22B400B15201 /* CoreDataManager.swift */,
				011D2512287B2772001141CD /* Models */,
				01FD40CB28775D5E002F7F97 /* Colors */,
				0197B7EC28744DE4004F767C /* Extensions */,
				0197B7F1287458AD004F767C /* Coordinator */,
				0197B7F92874601A004F767C /* Flows */,
				0197B7FC287465D2004F767C /* ViewModel */,
				0197B7FD28746624004F767C /* CarsListPage */,
				01FD40C428774933002F7F97 /* NewCarPage */,
				011D254E2881C9FF001141CD /* CarDetails */,
				0197B7F4287459D6004F767C /* MonthlyAnalize */,
				0197B7D82874428D004F767C /* AppDelegate.swift */,
				0197B7DE2874428D004F767C /* Main.storyboard */,
				0197B7E12874428F004F767C /* Assets.xcassets */,
				0197B7E32874428F004F767C /* LaunchScreen.storyboard */,
				0197B7E62874428F004F767C /* Info.plist */,
				01E3A51A287B03E700B15201 /* Model.xcdatamodeld */,
			);
			path = "Мистер Мерседес";
			sourceTree = "<group>";
		};
		0197B7EC28744DE4004F767C /* Extensions */ = {
			isa = PBXGroup;
			children = (
				0197B7ED28744E03004F767C /* UITabBarController.swift */,
				0197B7F728745A6C004F767C /* UINavigationController.swift */,
				0197B804287477CE004F767C /* UIView.swift */,
				01FD40CE28782587002F7F97 /* UIStackVIew.swift */,
				01E3A518287B002F00B15201 /* UITextField.swift */,
			);
			path = Extensions;
			sourceTree = "<group>";
		};
		0197B7F1287458AD004F767C /* Coordinator */ = {
			isa = PBXGroup;
			children = (
				0197B7EF2874582A004F767C /* Coordinator.swift */,
			);
			path = Coordinator;
			sourceTree = "<group>";
		};
		0197B7F4287459D6004F767C /* MonthlyAnalize */ = {
			isa = PBXGroup;
			children = (
			);
			path = MonthlyAnalize;
			sourceTree = "<group>";
		};
		0197B7F92874601A004F767C /* Flows */ = {
			isa = PBXGroup;
			children = (
				0197B7FA2874603E004F767C /* MainFlow.swift */,
				0197B802287468A7004F767C /* CarsListFlow.swift */,
			);
			path = Flows;
			sourceTree = "<group>";
		};
		0197B7FC287465D2004F767C /* ViewModel */ = {
			isa = PBXGroup;
			children = (
			);
			path = ViewModel;
			sourceTree = "<group>";
		};
		0197B7FD28746624004F767C /* CarsListPage */ = {
			isa = PBXGroup;
			children = (
				0197B7FF2874665C004F767C /* ViewModel */,
				0197B7FE28746650004F767C /* View */,
			);
			path = CarsListPage;
			sourceTree = "<group>";
		};
		0197B7FE28746650004F767C /* View */ = {
			isa = PBXGroup;
			children = (
				0197B7DC2874428D004F767C /* CarsListViewController.swift */,
				0197B7F528745A38004F767C /* CarsListView.swift */,
			);
			path = View;
			sourceTree = "<group>";
		};
		0197B7FF2874665C004F767C /* ViewModel */ = {
			isa = PBXGroup;
			children = (
				0197B800287466F3004F767C /* CarsListViewModel.swift */,
			);
			path = ViewModel;
			sourceTree = "<group>";
		};
		01FD40C428774933002F7F97 /* NewCarPage */ = {
			isa = PBXGroup;
			children = (
				01FD40C52877496C002F7F97 /* ViewModel */,
				01FD40C628774973002F7F97 /* View */,
			);
			path = NewCarPage;
			sourceTree = "<group>";
		};
		01FD40C52877496C002F7F97 /* ViewModel */ = {
			isa = PBXGroup;
			children = (
				01E3A51D287B10B200B15201 /* NewCarPageViewModel.swift */,
			);
			path = ViewModel;
			sourceTree = "<group>";
		};
		01FD40C628774973002F7F97 /* View */ = {
			isa = PBXGroup;
			children = (
				01FD40C728774A6B002F7F97 /* NewCarPageViewController.swift */,
				01FD40C928774A81002F7F97 /* NewCarPageView.swift */,
			);
			path = View;
			sourceTree = "<group>";
		};
		01FD40CB28775D5E002F7F97 /* Colors */ = {
			isa = PBXGroup;
			children = (
				01FD40CC28775D68002F7F97 /* Colors.swift */,
			);
			path = Colors;
			sourceTree = "<group>";
		};
		39D5B6F1D852354B6D3C265A /* Frameworks */ = {
			isa = PBXGroup;
			children = (
			);
			name = Frameworks;
			sourceTree = "<group>";
		};
		A481447195BFFEDE83490492 /* Pods */ = {
			isa = PBXGroup;
			children = (
				C58EF2BE48F6D3E692D140BF /* Pods-Мистер Мерседес.debug.xcconfig */,
				E206F52CBD5BD94A2730B432 /* Pods-Мистер Мерседес.release.xcconfig */,
			);
			path = Pods;
			sourceTree = "<group>";
		};
/* End PBXGroup section */

/* Begin PBXNativeTarget section */
		0197B7D42874428D004F767C /* Мистер Мерседес */ = {
			isa = PBXNativeTarget;
			buildConfigurationList = 0197B7E92874428F004F767C /* Build configuration list for PBXNativeTarget "Мистер Мерседес" */;
			buildPhases = (
				6DED45AACA8AA19414E35162 /* [CP] Check Pods Manifest.lock */,
				0197B7D12874428D004F767C /* Sources */,
				0197B7D22874428D004F767C /* Frameworks */,
				0197B7D32874428D004F767C /* Resources */,
				327117B2B4FDD14A80DC8134 /* [CP] Embed Pods Frameworks */,
				0197B8062874B9AD004F767C /* ShellScript */,
			);
			buildRules = (
			);
			dependencies = (
			);
			name = "Мистер Мерседес";
			productName = "Мистер Мерседес";
			productReference = 0197B7D52874428D004F767C /* Мистер Мерседес.app */;
			productType = "com.apple.product-type.application";
		};
/* End PBXNativeTarget section */

/* Begin PBXProject section */
		0197B7CD2874428D004F767C /* Project object */ = {
			isa = PBXProject;
			attributes = {
				BuildIndependentTargetsInParallel = 1;
				LastSwiftUpdateCheck = 1320;
				LastUpgradeCheck = 1320;
				TargetAttributes = {
					0197B7D42874428D004F767C = {
						CreatedOnToolsVersion = 13.2.1;
					};
				};
			};
			buildConfigurationList = 0197B7D02874428D004F767C /* Build configuration list for PBXProject "Мистер Мерседес" */;
			compatibilityVersion = "Xcode 13.0";
			developmentRegion = en;
			hasScannedForEncodings = 0;
			knownRegions = (
				en,
				Base,
			);
			mainGroup = 0197B7CC2874428D004F767C;
			productRefGroup = 0197B7D62874428D004F767C /* Products */;
			projectDirPath = "";
			projectRoot = "";
			targets = (
				0197B7D42874428D004F767C /* Мистер Мерседес */,
			);
		};
/* End PBXProject section */

/* Begin PBXResourcesBuildPhase section */
		0197B7D32874428D004F767C /* Resources */ = {
			isa = PBXResourcesBuildPhase;
			buildActionMask = 2147483647;
			files = (
				0197B80828755BE5004F767C /* .swiftlint.yml in Resources */,
				0197B7E52874428F004F767C /* LaunchScreen.storyboard in Resources */,
				0197B7E22874428F004F767C /* Assets.xcassets in Resources */,
				0197B7E02874428D004F767C /* Main.storyboard in Resources */,
			);
			runOnlyForDeploymentPostprocessing = 0;
		};
/* End PBXResourcesBuildPhase section */

/* Begin PBXShellScriptBuildPhase section */
		0197B8062874B9AD004F767C /* ShellScript */ = {
			isa = PBXShellScriptBuildPhase;
			buildActionMask = 2147483647;
			files = (
			);
			inputFileListPaths = (
			);
			inputPaths = (
			);
			outputFileListPaths = (
			);
			outputPaths = (
			);
			runOnlyForDeploymentPostprocessing = 0;
			shellPath = /bin/sh;
			shellScript = "# Type a script or drag a script file from your workspace to insert its path.\nif which swiftlint >/dev/null; then\n  swiftlint\nelse\n  echo \"error: SwiftLint does not exist, download it from https://github.com/realm/SwiftLint\"\n  exit 1\nfi\n";
		};
		327117B2B4FDD14A80DC8134 /* [CP] Embed Pods Frameworks */ = {
			isa = PBXShellScriptBuildPhase;
			buildActionMask = 2147483647;
			files = (
			);
			inputFileListPaths = (
				"${PODS_ROOT}/Target Support Files/Pods-Мистер Мерседес/Pods-Мистер Мерседес-frameworks-${CONFIGURATION}-input-files.xcfilelist",
			);
			name = "[CP] Embed Pods Frameworks";
			outputFileListPaths = (
				"${PODS_ROOT}/Target Support Files/Pods-Мистер Мерседес/Pods-Мистер Мерседес-frameworks-${CONFIGURATION}-output-files.xcfilelist",
			);
			runOnlyForDeploymentPostprocessing = 0;
			shellPath = /bin/sh;
			shellScript = "\"${PODS_ROOT}/Target Support Files/Pods-Мистер Мерседес/Pods-Мистер Мерседес-frameworks.sh\"\n";
			showEnvVarsInLog = 0;
		};
		6DED45AACA8AA19414E35162 /* [CP] Check Pods Manifest.lock */ = {
			isa = PBXShellScriptBuildPhase;
			buildActionMask = 2147483647;
			files = (
			);
			inputFileListPaths = (
			);
			inputPaths = (
				"${PODS_PODFILE_DIR_PATH}/Podfile.lock",
				"${PODS_ROOT}/Manifest.lock",
			);
			name = "[CP] Check Pods Manifest.lock";
			outputFileListPaths = (
			);
			outputPaths = (
				"$(DERIVED_FILE_DIR)/Pods-Мистер Мерседес-checkManifestLockResult.txt",
			);
			runOnlyForDeploymentPostprocessing = 0;
			shellPath = /bin/sh;
			shellScript = "diff \"${PODS_PODFILE_DIR_PATH}/Podfile.lock\" \"${PODS_ROOT}/Manifest.lock\" > /dev/null\nif [ $? != 0 ] ; then\n    # print error to STDERR\n    echo \"error: The sandbox is not in sync with the Podfile.lock. Run 'pod install' or update your CocoaPods installation.\" >&2\n    exit 1\nfi\n# This output is used by Xcode 'outputs' to avoid re-running this script phase.\necho \"SUCCESS\" > \"${SCRIPT_OUTPUT_FILE_0}\"\n";
			showEnvVarsInLog = 0;
		};
/* End PBXShellScriptBuildPhase section */

/* Begin PBXSourcesBuildPhase section */
		0197B7D12874428D004F767C /* Sources */ = {
			isa = PBXSourcesBuildPhase;
			buildActionMask = 2147483647;
			files = (
				011D25522881CA4C001141CD /* CarDetailsView.swift in Sources */,
				01FD40CF28782587002F7F97 /* UIStackVIew.swift in Sources */,
				0197B7DD2874428D004F767C /* CarsListViewController.swift in Sources */,
				01FD40C828774A6B002F7F97 /* NewCarPageViewController.swift in Sources */,
				01E3A519287B002F00B15201 /* UITextField.swift in Sources */,
				01FD40CA28774A81002F7F97 /* NewCarPageView.swift in Sources */,
				0197B7EE28744E03004F767C /* UITabBarController.swift in Sources */,
				0197B805287477CE004F767C /* UIView.swift in Sources */,
				0197B7FB2874603E004F767C /* MainFlow.swift in Sources */,
				011D251A287C4F07001141CD /* Sale+CoreDataProperties.swift in Sources */,
				011D2517287C4F07001141CD /* Car+CoreDataClass.swift in Sources */,
				0197B7F02874582A004F767C /* Coordinator.swift in Sources */,
				0197B7D92874428D004F767C /* AppDelegate.swift in Sources */,
				01FD40CD28775D68002F7F97 /* Colors.swift in Sources */,
				01E3A51C287B03E700B15201 /* Model.xcdatamodeld in Sources */,
				0197B7F628745A38004F767C /* CarsListView.swift in Sources */,
				01E3A520287B22B400B15201 /* CoreDataManager.swift in Sources */,
				01E3A51E287B10B200B15201 /* NewCarPageViewModel.swift in Sources */,
				011D2518287C4F07001141CD /* Car+CoreDataProperties.swift in Sources */,
				0197B7F828745A6C004F767C /* UINavigationController.swift in Sources */,
				011D25542881CA60001141CD /* CarDetailsViewController.swift in Sources */,
				0197B803287468A7004F767C /* CarsListFlow.swift in Sources */,
				0197B801287466F3004F767C /* CarsListViewModel.swift in Sources */,
				011D2519287C4F07001141CD /* Sale+CoreDataClass.swift in Sources */,
			);
			runOnlyForDeploymentPostprocessing = 0;
		};
/* End PBXSourcesBuildPhase section */

/* Begin PBXVariantGroup section */
		0197B7DE2874428D004F767C /* Main.storyboard */ = {
			isa = PBXVariantGroup;
			children = (
				0197B7DF2874428D004F767C /* Base */,
			);
			name = Main.storyboard;
			sourceTree = "<group>";
		};
		0197B7E32874428F004F767C /* LaunchScreen.storyboard */ = {
			isa = PBXVariantGroup;
			children = (
				0197B7E42874428F004F767C /* Base */,
			);
			name = LaunchScreen.storyboard;
			sourceTree = "<group>";
		};
/* End PBXVariantGroup section */

/* Begin XCBuildConfiguration section */
		0197B7E72874428F004F767C /* Debug */ = {
			isa = XCBuildConfiguration;
			buildSettings = {
				ALWAYS_SEARCH_USER_PATHS = NO;
				CLANG_ANALYZER_NONNULL = YES;
				CLANG_ANALYZER_NUMBER_OBJECT_CONVERSION = YES_AGGRESSIVE;
				CLANG_CXX_LANGUAGE_STANDARD = "gnu++17";
				CLANG_CXX_LIBRARY = "libc++";
				CLANG_ENABLE_MODULES = YES;
				CLANG_ENABLE_OBJC_ARC = YES;
				CLANG_ENABLE_OBJC_WEAK = YES;
				CLANG_WARN_BLOCK_CAPTURE_AUTORELEASING = YES;
				CLANG_WARN_BOOL_CONVERSION = YES;
				CLANG_WARN_COMMA = YES;
				CLANG_WARN_CONSTANT_CONVERSION = YES;
				CLANG_WARN_DEPRECATED_OBJC_IMPLEMENTATIONS = YES;
				CLANG_WARN_DIRECT_OBJC_ISA_USAGE = YES_ERROR;
				CLANG_WARN_DOCUMENTATION_COMMENTS = YES;
				CLANG_WARN_EMPTY_BODY = YES;
				CLANG_WARN_ENUM_CONVERSION = YES;
				CLANG_WARN_INFINITE_RECURSION = YES;
				CLANG_WARN_INT_CONVERSION = YES;
				CLANG_WARN_NON_LITERAL_NULL_CONVERSION = YES;
				CLANG_WARN_OBJC_IMPLICIT_RETAIN_SELF = YES;
				CLANG_WARN_OBJC_LITERAL_CONVERSION = YES;
				CLANG_WARN_OBJC_ROOT_CLASS = YES_ERROR;
				CLANG_WARN_QUOTED_INCLUDE_IN_FRAMEWORK_HEADER = YES;
				CLANG_WARN_RANGE_LOOP_ANALYSIS = YES;
				CLANG_WARN_STRICT_PROTOTYPES = YES;
				CLANG_WARN_SUSPICIOUS_MOVE = YES;
				CLANG_WARN_UNGUARDED_AVAILABILITY = YES_AGGRESSIVE;
				CLANG_WARN_UNREACHABLE_CODE = YES;
				CLANG_WARN__DUPLICATE_METHOD_MATCH = YES;
				COPY_PHASE_STRIP = NO;
				DEBUG_INFORMATION_FORMAT = dwarf;
				ENABLE_STRICT_OBJC_MSGSEND = YES;
				ENABLE_TESTABILITY = YES;
				GCC_C_LANGUAGE_STANDARD = gnu11;
				GCC_DYNAMIC_NO_PIC = NO;
				GCC_NO_COMMON_BLOCKS = YES;
				GCC_OPTIMIZATION_LEVEL = 0;
				GCC_PREPROCESSOR_DEFINITIONS = (
					"DEBUG=1",
					"$(inherited)",
				);
				GCC_WARN_64_TO_32_BIT_CONVERSION = YES;
				GCC_WARN_ABOUT_RETURN_TYPE = YES_ERROR;
				GCC_WARN_UNDECLARED_SELECTOR = YES;
				GCC_WARN_UNINITIALIZED_AUTOS = YES_AGGRESSIVE;
				GCC_WARN_UNUSED_FUNCTION = YES;
				GCC_WARN_UNUSED_VARIABLE = YES;
				IPHONEOS_DEPLOYMENT_TARGET = 15.2;
				MTL_ENABLE_DEBUG_INFO = INCLUDE_SOURCE;
				MTL_FAST_MATH = YES;
				ONLY_ACTIVE_ARCH = YES;
				SDKROOT = iphoneos;
				SWIFT_ACTIVE_COMPILATION_CONDITIONS = DEBUG;
				SWIFT_OPTIMIZATION_LEVEL = "-Onone";
			};
			name = Debug;
		};
		0197B7E82874428F004F767C /* Release */ = {
			isa = XCBuildConfiguration;
			buildSettings = {
				ALWAYS_SEARCH_USER_PATHS = NO;
				CLANG_ANALYZER_NONNULL = YES;
				CLANG_ANALYZER_NUMBER_OBJECT_CONVERSION = YES_AGGRESSIVE;
				CLANG_CXX_LANGUAGE_STANDARD = "gnu++17";
				CLANG_CXX_LIBRARY = "libc++";
				CLANG_ENABLE_MODULES = YES;
				CLANG_ENABLE_OBJC_ARC = YES;
				CLANG_ENABLE_OBJC_WEAK = YES;
				CLANG_WARN_BLOCK_CAPTURE_AUTORELEASING = YES;
				CLANG_WARN_BOOL_CONVERSION = YES;
				CLANG_WARN_COMMA = YES;
				CLANG_WARN_CONSTANT_CONVERSION = YES;
				CLANG_WARN_DEPRECATED_OBJC_IMPLEMENTATIONS = YES;
				CLANG_WARN_DIRECT_OBJC_ISA_USAGE = YES_ERROR;
				CLANG_WARN_DOCUMENTATION_COMMENTS = YES;
				CLANG_WARN_EMPTY_BODY = YES;
				CLANG_WARN_ENUM_CONVERSION = YES;
				CLANG_WARN_INFINITE_RECURSION = YES;
				CLANG_WARN_INT_CONVERSION = YES;
				CLANG_WARN_NON_LITERAL_NULL_CONVERSION = YES;
				CLANG_WARN_OBJC_IMPLICIT_RETAIN_SELF = YES;
				CLANG_WARN_OBJC_LITERAL_CONVERSION = YES;
				CLANG_WARN_OBJC_ROOT_CLASS = YES_ERROR;
				CLANG_WARN_QUOTED_INCLUDE_IN_FRAMEWORK_HEADER = YES;
				CLANG_WARN_RANGE_LOOP_ANALYSIS = YES;
				CLANG_WARN_STRICT_PROTOTYPES = YES;
				CLANG_WARN_SUSPICIOUS_MOVE = YES;
				CLANG_WARN_UNGUARDED_AVAILABILITY = YES_AGGRESSIVE;
				CLANG_WARN_UNREACHABLE_CODE = YES;
				CLANG_WARN__DUPLICATE_METHOD_MATCH = YES;
				COPY_PHASE_STRIP = NO;
				DEBUG_INFORMATION_FORMAT = "dwarf-with-dsym";
				ENABLE_NS_ASSERTIONS = NO;
				ENABLE_STRICT_OBJC_MSGSEND = YES;
				GCC_C_LANGUAGE_STANDARD = gnu11;
				GCC_NO_COMMON_BLOCKS = YES;
				GCC_WARN_64_TO_32_BIT_CONVERSION = YES;
				GCC_WARN_ABOUT_RETURN_TYPE = YES_ERROR;
				GCC_WARN_UNDECLARED_SELECTOR = YES;
				GCC_WARN_UNINITIALIZED_AUTOS = YES_AGGRESSIVE;
				GCC_WARN_UNUSED_FUNCTION = YES;
				GCC_WARN_UNUSED_VARIABLE = YES;
				IPHONEOS_DEPLOYMENT_TARGET = 15.2;
				MTL_ENABLE_DEBUG_INFO = NO;
				MTL_FAST_MATH = YES;
				SDKROOT = iphoneos;
				SWIFT_COMPILATION_MODE = wholemodule;
				SWIFT_OPTIMIZATION_LEVEL = "-O";
				VALIDATE_PRODUCT = YES;
			};
			name = Release;
		};
		0197B7EA2874428F004F767C /* Debug */ = {
			isa = XCBuildConfiguration;
			baseConfigurationReference = C58EF2BE48F6D3E692D140BF /* Pods-Мистер Мерседес.debug.xcconfig */;
			buildSettings = {
				ASSETCATALOG_COMPILER_APPICON_NAME = AppIcon;
				ASSETCATALOG_COMPILER_GLOBAL_ACCENT_COLOR_NAME = AccentColor;
				CODE_SIGN_STYLE = Automatic;
				CURRENT_PROJECT_VERSION = 1;
				DEVELOPMENT_TEAM = 73WN3K2PDD;
				GENERATE_INFOPLIST_FILE = YES;
				INFOPLIST_FILE = "Мистер Мерседес/Info.plist";
				INFOPLIST_KEY_UIApplicationSupportsIndirectInputEvents = YES;
				INFOPLIST_KEY_UILaunchStoryboardName = LaunchScreen;
				INFOPLIST_KEY_UIMainStoryboardFile = Main;
				INFOPLIST_KEY_UISupportedInterfaceOrientations = UIInterfaceOrientationPortrait;
				INFOPLIST_KEY_UISupportedInterfaceOrientations_iPad = "UIInterfaceOrientationPortrait UIInterfaceOrientationPortraitUpsideDown UIInterfaceOrientationLandscapeLeft UIInterfaceOrientationLandscapeRight";
				INFOPLIST_KEY_UISupportedInterfaceOrientations_iPhone = "UIInterfaceOrientationPortrait UIInterfaceOrientationLandscapeLeft UIInterfaceOrientationLandscapeRight";
				IPHONEOS_DEPLOYMENT_TARGET = 14.0;
				LD_RUNPATH_SEARCH_PATHS = (
					"$(inherited)",
					"@executable_path/Frameworks",
				);
				MARKETING_VERSION = 1.0;
				PRODUCT_BUNDLE_IDENTIFIER = "sytnik.---------------";
				PRODUCT_NAME = "$(TARGET_NAME)";
				SWIFT_EMIT_LOC_STRINGS = YES;
				SWIFT_VERSION = 5.0;
				TARGETED_DEVICE_FAMILY = 1;
			};
			name = Debug;
		};
		0197B7EB2874428F004F767C /* Release */ = {
			isa = XCBuildConfiguration;
			baseConfigurationReference = E206F52CBD5BD94A2730B432 /* Pods-Мистер Мерседес.release.xcconfig */;
			buildSettings = {
				ASSETCATALOG_COMPILER_APPICON_NAME = AppIcon;
				ASSETCATALOG_COMPILER_GLOBAL_ACCENT_COLOR_NAME = AccentColor;
				CODE_SIGN_STYLE = Automatic;
				CURRENT_PROJECT_VERSION = 1;
				DEVELOPMENT_TEAM = 73WN3K2PDD;
				GENERATE_INFOPLIST_FILE = YES;
				INFOPLIST_FILE = "Мистер Мерседес/Info.plist";
				INFOPLIST_KEY_UIApplicationSupportsIndirectInputEvents = YES;
				INFOPLIST_KEY_UILaunchStoryboardName = LaunchScreen;
				INFOPLIST_KEY_UIMainStoryboardFile = Main;
				INFOPLIST_KEY_UISupportedInterfaceOrientations = UIInterfaceOrientationPortrait;
				INFOPLIST_KEY_UISupportedInterfaceOrientations_iPad = "UIInterfaceOrientationPortrait UIInterfaceOrientationPortraitUpsideDown UIInterfaceOrientationLandscapeLeft UIInterfaceOrientationLandscapeRight";
				INFOPLIST_KEY_UISupportedInterfaceOrientations_iPhone = "UIInterfaceOrientationPortrait UIInterfaceOrientationLandscapeLeft UIInterfaceOrientationLandscapeRight";
				IPHONEOS_DEPLOYMENT_TARGET = 14.0;
				LD_RUNPATH_SEARCH_PATHS = (
					"$(inherited)",
					"@executable_path/Frameworks",
				);
				MARKETING_VERSION = 1.0;
				PRODUCT_BUNDLE_IDENTIFIER = "sytnik.---------------";
				PRODUCT_NAME = "$(TARGET_NAME)";
				SWIFT_EMIT_LOC_STRINGS = YES;
				SWIFT_VERSION = 5.0;
				TARGETED_DEVICE_FAMILY = 1;
			};
			name = Release;
		};
/* End XCBuildConfiguration section */

/* Begin XCConfigurationList section */
		0197B7D02874428D004F767C /* Build configuration list for PBXProject "Мистер Мерседес" */ = {
			isa = XCConfigurationList;
			buildConfigurations = (
				0197B7E72874428F004F767C /* Debug */,
				0197B7E82874428F004F767C /* Release */,
			);
			defaultConfigurationIsVisible = 0;
			defaultConfigurationName = Release;
		};
		0197B7E92874428F004F767C /* Build configuration list for PBXNativeTarget "Мистер Мерседес" */ = {
			isa = XCConfigurationList;
			buildConfigurations = (
				0197B7EA2874428F004F767C /* Debug */,
				0197B7EB2874428F004F767C /* Release */,
			);
			defaultConfigurationIsVisible = 0;
			defaultConfigurationName = Release;
		};
/* End XCConfigurationList section */

/* Begin XCVersionGroup section */
		01E3A51A287B03E700B15201 /* Model.xcdatamodeld */ = {
			isa = XCVersionGroup;
			children = (
				01E3A51B287B03E700B15201 /* Model.xcdatamodel */,
			);
			currentVersion = 01E3A51B287B03E700B15201 /* Model.xcdatamodel */;
			path = Model.xcdatamodeld;
			sourceTree = "<group>";
			versionGroupType = wrapper.xcdatamodel;
		};
/* End XCVersionGroup section */
	};
	rootObject = 0197B7CD2874428D004F767C /* Project object */;
}
